
Microsoft Visual Studio Solution File, Format Version 12.00
# Visual Studio Version 16
VisualStudioVersion = 16.0.31515.178
MinimumVisualStudioVersion = 10.0.40219.1
Project("{FAE04EC0-301F-11D3-BF4B-00C04F79EFBC}") = "Relay", "Relay\Relay.csproj", "{9AE1461A-7FAD-4A0E-B5EB-5583B7065D9F}"
EndProject
Global
	GlobalSection(SolutionConfigurationPlatforms) = preSolution
		Debug|Any CPU = Debug|Any CPU
		Release|Any CPU = Release|Any CPU
	EndGlobalSection
	GlobalSection(ProjectConfigurationPlatforms) = postSolution
		{9AE1461A-7FAD-4A0E-B5EB-5583B7065D9F}.Debug|Any CPU.ActiveCfg = Debug|Any CPU
		{9AE1461A-7FAD-4A0E-B5EB-5583B7065D9F}.Debug|Any CPU.Build.0 = Debug|Any CPU
		{9AE1461A-7FAD-4A0E-B5EB-5583B7065D9F}.Release|Any CPU.ActiveCfg = Release|Any CPU
		{9AE1461A-7FAD-4A0E-B5EB-5583B7065D9F}.Release|Any CPU.Build.0 = Release|Any CPU
	EndGlobalSection
	GlobalSection(SolutionProperties) = preSolution
		HideSolutionNode = FALSE
	EndGlobalSection
	GlobalSection(ExtensibilityGlobals) = postSolution
		SolutionGuid = {71D549BE-89E8-4487-B763-448231832CD3}
	EndGlobalSection
EndGlobal
